// !$*UTF8*$!
{
	archiveVersion = 1;
	classes = {
	};
	objectVersion = 50;
	objects = {

/* Begin PBXBuildFile section */
		28E6B0652F917042001AAA47 /* TapeSaturation.swift in Sources */ = {isa = PBXBuildFile; fileRef = 28E6B0672F917042001AAA47 /* TapeSaturation.swift */; };
		28E6B0662F917042001AAA47 /* TapeSaturation.swift in Sources */ = {isa = PBXBuildFile; fileRef = 28E6B0672F917042001AAA47 /* TapeSaturation.swift */; };
		28E6B01F2F917042001AAA47 /* RecorderView.swift in Sources */ = {isa = PBXBuildFile; fileRef = 28E6B0192F917042001AAA47 /* RecorderView.swift */; };
		28E6B0202F917042001AAA47 /* AudioEngine.swift in Sources */ = {isa = PBXBuildFile; fileRef = 28E6B0102F917042001AAA47 /* AudioEngine.swift */; };
		28E6B0212F917042001AAA47 /* FileManagerAudio.swift in Sources */ = {isa = PBXBuildFile; fileRef = 28E6B0112F917042001AAA47 /* FileManagerAudio.swift */; };
		28E6B0222F917042001AAA47 /* Layer.swift in Sources */ = {isa = PBXBuildFile; fileRef = 28E6B0132F917042001AAA47 /* Layer.swift */; };
		28E6B0232F917042001AAA47 /* RecordButton.swift in Sources */ = {isa = PBXBuildFile; fileRef = 28E6B0182F917042001AAA47 /* RecordButton.swift */; };
		28E6B0242F917042001AAA47 /* RecorderViewModel.swift in Sources */ = {isa = PBXBuildFile; fileRef = 28E6B0162F917042001AAA47 /* RecorderViewModel.swift */; };
		28E6B0252F917042001AAA47 /* OverdubberApp.swift in Sources */ = {isa = PBXBuildFile; fileRef = 28E6B01D2F917042001AAA47 /* OverdubberApp.swift */; };
		28E6B0262F917042001AAA47 /* Project.swift in Sources */ = {isa = PBXBuildFile; fileRef = 28E6B0142F917042001AAA47 /* Project.swift */; };
		28E6B0272F917042001AAA47 /* Assets.xcassets in Resources */ = {isa = PBXBuildFile; fileRef = 28E6B01B2F917042001AAA47 /* Assets.xcassets */; };
		28E6B0292F917042001AAA47 /* RecorderView.swift in Sources */ = {isa = PBXBuildFile; fileRef = 28E6B0192F917042001AAA47 /* RecorderView.swift */; };
		28E6B0332F917042001AAA47 /* WaveformGenerator.swift in Sources */ = {isa = PBXBuildFile; fileRef = 28E6B0322F917042001AAA47 /* WaveformGenerator.swift */; };
		28E6B0342F917042001AAA47 /* WaveformGenerator.swift in Sources */ = {isa = PBXBuildFile; fileRef = 28E6B0322F917042001AAA47 /* WaveformGenerator.swift */; };
		28E6B0362F917042001AAA47 /* WaveformView.swift in Sources */ = {isa = PBXBuildFile; fileRef = 28E6B0352F917042001AAA47 /* WaveformView.swift */; };
		28E6B0372F917042001AAA47 /* WaveformView.swift in Sources */ = {isa = PBXBuildFile; fileRef = 28E6B0352F917042001AAA47 /* WaveformView.swift */; };
		28E6B02A2F917042001AAA47 /* AudioEngine.swift in Sources */ = {isa = PBXBuildFile; fileRef = 28E6B0102F917042001AAA47 /* AudioEngine.swift */; };
		28E6B02B2F917042001AAA47 /* FileManagerAudio.swift in Sources */ = {isa = PBXBuildFile; fileRef = 28E6B0112F917042001AAA47 /* FileManagerAudio.swift */; };
		28E6B02C2F917042001AAA47 /* Layer.swift in Sources */ = {isa = PBXBuildFile; fileRef = 28E6B0132F917042001AAA47 /* Layer.swift */; };
		28E6B02D2F917042001AAA47 /* RecordButton.swift in Sources */ = {isa = PBXBuildFile; fileRef = 28E6B0182F917042001AAA47 /* RecordButton.swift */; };
		28E6B02E2F917042001AAA47 /* RecorderViewModel.swift in Sources */ = {isa = PBXBuildFile; fileRef = 28E6B0162F917042001AAA47 /* RecorderViewModel.swift */; };
		28E6B02F2F917042001AAA47 /* OverdubberApp.swift in Sources */ = {isa = PBXBuildFile; fileRef = 28E6B01D2F917042001AAA47 /* OverdubberApp.swift */; };
		28E6B0302F917042001AAA47 /* Project.swift in Sources */ = {isa = PBXBuildFile; fileRef = 28E6B0142F917042001AAA47 /* Project.swift */; };
		28E6B0312F917042001AAA47 /* Assets.xcassets in Resources */ = {isa = PBXBuildFile; fileRef = 28E6B01B2F917042001AAA47 /* Assets.xcassets */; };
		28E6B0382F917042001AAA47 /* LayerRowView.swift in Sources */ = {isa = PBXBuildFile; fileRef = 28E6B03A2F917042001AAA47 /* LayerRowView.swift */; };
		28E6B0392F917042001AAA47 /* LayerRowView.swift in Sources */ = {isa = PBXBuildFile; fileRef = 28E6B03A2F917042001AAA47 /* LayerRowView.swift */; };
		28E6B03C2F917042001AAA47 /* MixerView.swift in Sources */ = {isa = PBXBuildFile; fileRef = 28E6B03B2F917042001AAA47 /* MixerView.swift */; };
		28E6B03D2F917042001AAA47 /* MixerView.swift in Sources */ = {isa = PBXBuildFile; fileRef = 28E6B03B2F917042001AAA47 /* MixerView.swift */; };
		28E6B03E2F917042001AAA47 /* LibraryView.swift in Sources */ = {isa = PBXBuildFile; fileRef = 28E6B03F2F917042001AAA47 /* LibraryView.swift */; };
		28E6B0402F917042001AAA47 /* LibraryView.swift in Sources */ = {isa = PBXBuildFile; fileRef = 28E6B03F2F917042001AAA47 /* LibraryView.swift */; };
		28E6B0412F917042001AAA47 /* AudioExporter.swift in Sources */ = {isa = PBXBuildFile; fileRef = 28E6B0422F917042001AAA47 /* AudioExporter.swift */; };
		28E6B0432F917042001AAA47 /* AudioExporter.swift in Sources */ = {isa = PBXBuildFile; fileRef = 28E6B0422F917042001AAA47 /* AudioExporter.swift */; };
		28E6B0442F917042001AAA47 /* ExportView.swift in Sources */ = {isa = PBXBuildFile; fileRef = 28E6B0452F917042001AAA47 /* ExportView.swift */; };
		28E6B0462F917042001AAA47 /* ExportView.swift in Sources */ = {isa = PBXBuildFile; fileRef = 28E6B0452F917042001AAA47 /* ExportView.swift */; };
		28E6B0472F917042001AAA47 /* ThemeManager.swift in Sources */ = {isa = PBXBuildFile; fileRef = 28E6B0482F917042001AAA47 /* ThemeManager.swift */; };
		28E6B0492F917042001AAA47 /* ThemeManager.swift in Sources */ = {isa = PBXBuildFile; fileRef = 28E6B0482F917042001AAA47 /* ThemeManager.swift */; };
		28E6B0502F917042001AAA47 /* PurchaseManager.swift in Sources */ = {isa = PBXBuildFile; fileRef = 28E6B0512F917042001AAA47 /* PurchaseManager.swift */; };
		28E6B0522F917042001AAA47 /* PurchaseManager.swift in Sources */ = {isa = PBXBuildFile; fileRef = 28E6B0512F917042001AAA47 /* PurchaseManager.swift */; };
		28E6B0532F917042001AAA47 /* PaywallView.swift in Sources */ = {isa = PBXBuildFile; fileRef = 28E6B0542F917042001AAA47 /* PaywallView.swift */; };
		28E6B0552F917042001AAA47 /* PaywallView.swift in Sources */ = {isa = PBXBuildFile; fileRef = 28E6B0542F917042001AAA47 /* PaywallView.swift */; };
		28E6B0562F917042001AAA47 /* SettingsView.swift in Sources */ = {isa = PBXBuildFile; fileRef = 28E6B0572F917042001AAA47 /* SettingsView.swift */; };
		28E6B0582F917042001AAA47 /* SettingsView.swift in Sources */ = {isa = PBXBuildFile; fileRef = 28E6B0572F917042001AAA47 /* SettingsView.swift */; };
		28E6B0592F917042001AAA47 /* OnboardingView.swift in Sources */ = {isa = PBXBuildFile; fileRef = 28E6B05A2F917042001AAA47 /* OnboardingView.swift */; };
		28E6B05B2F917042001AAA47 /* OnboardingView.swift in Sources */ = {isa = PBXBuildFile; fileRef = 28E6B05A2F917042001AAA47 /* OnboardingView.swift */; };
		28E6B05C2F917042001AAA47 /* AdManager.swift in Sources */ = {isa = PBXBuildFile; fileRef = 28E6B05D2F917042001AAA47 /* AdManager.swift */; };
		28E6B05E2F917042001AAA47 /* AdManager.swift in Sources */ = {isa = PBXBuildFile; fileRef = 28E6B05D2F917042001AAA47 /* AdManager.swift */; };
		28E6B05F2F917042001AAA47 /* BannerAdView.swift in Sources */ = {isa = PBXBuildFile; fileRef = 28E6B0602F917042001AAA47 /* BannerAdView.swift */; };
		28E6B0612F917042001AAA47 /* BannerAdView.swift in Sources */ = {isa = PBXBuildFile; fileRef = 28E6B0602F917042001AAA47 /* BannerAdView.swift */; };
		28E6B0622F917042001AAA47 /* GoogleMobileAds in Frameworks */ = {isa = PBXBuildFile; productRef = 28E6B0632F917042001AAA47 /* GoogleMobileAds */; };
		B5A55EFF229912DF003C195F /* overdubberTests.swift in Sources */ = {isa = PBXBuildFile; fileRef = B5A55EFE229912DF003C195F /* overdubberTests.swift */; };
		B5A55F0A229912DF003C195F /* overdubberUITests.swift in Sources */ = {isa = PBXBuildFile; fileRef = B5A55F09229912DF003C195F /* overdubberUITests.swift */; };
/* End PBXBuildFile section */

/* Begin PBXContainerItemProxy section */
		B5A55EFB229912DF003C195F /* PBXContainerItemProxy */ = {
			isa = PBXContainerItemProxy;
			containerPortal = B5A55EDE229912DD003C195F /* Project object */;
			proxyType = 1;
			remoteGlobalIDString = B5A55EE5229912DD003C195F;
			remoteInfo = overdubber;
		};
		B5A55F06229912DF003C195F /* PBXContainerItemProxy */ = {
			isa = PBXContainerItemProxy;
			containerPortal = B5A55EDE229912DD003C195F /* Project object */;
			proxyType = 1;
			remoteGlobalIDString = B5A55EE5229912DD003C195F;
			remoteInfo = overdubber;
		};
/* End PBXContainerItemProxy section */

/* Begin PBXFileReference section */
		28E6B0102F917042001AAA47 /* AudioEngine.swift */ = {isa = PBXFileReference; lastKnownFileType = sourcecode.swift; path = AudioEngine.swift; sourceTree = "<group>"; };
		28E6B0672F917042001AAA47 /* TapeSaturation.swift */ = {isa = PBXFileReference; lastKnownFileType = sourcecode.swift; path = TapeSaturation.swift; sourceTree = "<group>"; };
		28E6B0112F917042001AAA47 /* FileManagerAudio.swift */ = {isa = PBXFileReference; lastKnownFileType = sourcecode.swift; path = FileManagerAudio.swift; sourceTree = "<group>"; };
		28E6B0132F917042001AAA47 /* Layer.swift */ = {isa = PBXFileReference; lastKnownFileType = sourcecode.swift; path = Layer.swift; sourceTree = "<group>"; };
		28E6B0142F917042001AAA47 /* Project.swift */ = {isa = PBXFileReference; lastKnownFileType = sourcecode.swift; path = Project.swift; sourceTree = "<group>"; };
		28E6B0162F917042001AAA47 /* RecorderViewModel.swift */ = {isa = PBXFileReference; lastKnownFileType = sourcecode.swift; path = RecorderViewModel.swift; sourceTree = "<group>"; };
		28E6B0182F917042001AAA47 /* RecordButton.swift */ = {isa = PBXFileReference; lastKnownFileType = sourcecode.swift; path = RecordButton.swift; sourceTree = "<group>"; };
		28E6B0192F917042001AAA47 /* RecorderView.swift */ = {isa = PBXFileReference; lastKnownFileType = sourcecode.swift; path = RecorderView.swift; sourceTree = "<group>"; };
		28E6B01B2F917042001AAA47 /* Assets.xcassets */ = {isa = PBXFileReference; lastKnownFileType = folder.assetcatalog; path = Assets.xcassets; sourceTree = "<group>"; };
		28E6B01C2F917042001AAA47 /* Info.plist */ = {isa = PBXFileReference; lastKnownFileType = text.plist.xml; path = Info.plist; sourceTree = "<group>"; };
		28E6B01D2F917042001AAA47 /* OverdubberApp.swift */ = {isa = PBXFileReference; lastKnownFileType = sourcecode.swift; path = OverdubberApp.swift; sourceTree = "<group>"; };
		28E6B0322F917042001AAA47 /* WaveformGenerator.swift */ = {isa = PBXFileReference; lastKnownFileType = sourcecode.swift; path = WaveformGenerator.swift; sourceTree = "<group>"; };
		28E6B0352F917042001AAA47 /* WaveformView.swift */ = {isa = PBXFileReference; lastKnownFileType = sourcecode.swift; path = WaveformView.swift; sourceTree = "<group>"; };
		28E6B03A2F917042001AAA47 /* LayerRowView.swift */ = {isa = PBXFileReference; lastKnownFileType = sourcecode.swift; path = LayerRowView.swift; sourceTree = "<group>"; };
		28E6B03B2F917042001AAA47 /* MixerView.swift */ = {isa = PBXFileReference; lastKnownFileType = sourcecode.swift; path = MixerView.swift; sourceTree = "<group>"; };
		28E6B03F2F917042001AAA47 /* LibraryView.swift */ = {isa = PBXFileReference; lastKnownFileType = sourcecode.swift; path = LibraryView.swift; sourceTree = "<group>"; };
		28E6B0422F917042001AAA47 /* AudioExporter.swift */ = {isa = PBXFileReference; lastKnownFileType = sourcecode.swift; path = AudioExporter.swift; sourceTree = "<group>"; };
		28E6B0452F917042001AAA47 /* ExportView.swift */ = {isa = PBXFileReference; lastKnownFileType = sourcecode.swift; path = ExportView.swift; sourceTree = "<group>"; };
		28E6B0482F917042001AAA47 /* ThemeManager.swift */ = {isa = PBXFileReference; lastKnownFileType = sourcecode.swift; path = ThemeManager.swift; sourceTree = "<group>"; };
		28E6B0512F917042001AAA47 /* PurchaseManager.swift */ = {isa = PBXFileReference; lastKnownFileType = sourcecode.swift; path = PurchaseManager.swift; sourceTree = "<group>"; };
		28E6B0542F917042001AAA47 /* PaywallView.swift */ = {isa = PBXFileReference; lastKnownFileType = sourcecode.swift; path = PaywallView.swift; sourceTree = "<group>"; };
		28E6B0572F917042001AAA47 /* SettingsView.swift */ = {isa = PBXFileReference; lastKnownFileType = sourcecode.swift; path = SettingsView.swift; sourceTree = "<group>"; };
		28E6B05A2F917042001AAA47 /* OnboardingView.swift */ = {isa = PBXFileReference; lastKnownFileType = sourcecode.swift; path = OnboardingView.swift; sourceTree = "<group>"; };
		28E6B05D2F917042001AAA47 /* AdManager.swift */ = {isa = PBXFileReference; lastKnownFileType = sourcecode.swift; path = AdManager.swift; sourceTree = "<group>"; };
		28E6B0602F917042001AAA47 /* BannerAdView.swift */ = {isa = PBXFileReference; lastKnownFileType = sourcecode.swift; path = BannerAdView.swift; sourceTree = "<group>"; };
		B5A55EE6229912DD003C195F /* overdubber.app */ = {isa = PBXFileReference; explicitFileType = wrapper.application; includeInIndex = 0; path = overdubber.app; sourceTree = BUILT_PRODUCTS_DIR; };
		B5A55EFA229912DF003C195F /* overdubberTests.xctest */ = {isa = PBXFileReference; explicitFileType = wrapper.cfbundle; includeInIndex = 0; path = overdubberTests.xctest; sourceTree = BUILT_PRODUCTS_DIR; };
		B5A55EFE229912DF003C195F /* overdubberTests.swift */ = {isa = PBXFileReference; lastKnownFileType = sourcecode.swift; path = overdubberTests.swift; sourceTree = "<group>"; };
		B5A55F00229912DF003C195F /* Info.plist */ = {isa = PBXFileReference; lastKnownFileType = text.plist.xml; path = Info.plist; sourceTree = "<group>"; };
		B5A55F05229912DF003C195F /* overdubberUITests.xctest */ = {isa = PBXFileReference; explicitFileType = wrapper.cfbundle; includeInIndex = 0; path = overdubberUITests.xctest; sourceTree = BUILT_PRODUCTS_DIR; };
		B5A55F09229912DF003C195F /* overdubberUITests.swift */ = {isa = PBXFileReference; lastKnownFileType = sourcecode.swift; path = overdubberUITests.swift; sourceTree = "<group>"; };
		B5A55F0B229912DF003C195F /* Info.plist */ = {isa = PBXFileReference; lastKnownFileType = text.plist.xml; path = Info.plist; sourceTree = "<group>"; };
/* End PBXFileReference section */

/* Begin PBXFrameworksBuildPhase section */
		B5A55EE3229912DD003C195F /* Frameworks */ = {
			isa = PBXFrameworksBuildPhase;
			buildActionMask = 2147483647;
			files = (
				28E6B0622F917042001AAA47 /* GoogleMobileAds in Frameworks */,
			);
			runOnlyForDeploymentPostprocessing = 0;
		};
		B5A55EF7229912DF003C195F /* Frameworks */ = {
			isa = PBXFrameworksBuildPhase;
			buildActionMask = 2147483647;
			files = (
			);
			runOnlyForDeploymentPostprocessing = 0;
		};
		B5A55F02229912DF003C195F /* Frameworks */ = {
			isa = PBXFrameworksBuildPhase;
			buildActionMask = 2147483647;
			files = (
			);
			runOnlyForDeploymentPostprocessing = 0;
		};
/* End PBXFrameworksBuildPhase section */

/* Begin PBXGroup section */
		28E6B0122F917042001AAA47 /* AudioEngine */ = {
			isa = PBXGroup;
			children = (
				28E6B0102F917042001AAA47 /* AudioEngine.swift */,
				28E6B0422F917042001AAA47 /* AudioExporter.swift */,
				28E6B0112F917042001AAA47 /* FileManagerAudio.swift */,
				28E6B0322F917042001AAA47 /* WaveformGenerator.swift */,
				28E6B0672F917042001AAA47 /* TapeSaturation.swift */,
			);
			path = AudioEngine;
			sourceTree = "<group>";
		};
		28E6B0152F917042001AAA47 /* Models */ = {
			isa = PBXGroup;
			children = (
				28E6B0132F917042001AAA47 /* Layer.swift */,
				28E6B0142F917042001AAA47 /* Project.swift */,
			);
			path = Models;
			sourceTree = "<group>";
		};
		28E6B0172F917042001AAA47 /* ViewModels */ = {
			isa = PBXGroup;
			children = (
				28E6B0162F917042001AAA47 /* RecorderViewModel.swift */,
			);
			path = ViewModels;
			sourceTree = "<group>";
		};
		28E6B01A2F917042001AAA47 /* Views */ = {
			isa = PBXGroup;
			children = (
				28E6B0602F917042001AAA47 /* BannerAdView.swift */,
				28E6B0452F917042001AAA47 /* ExportView.swift */,
				28E6B03A2F917042001AAA47 /* LayerRowView.swift */,
				28E6B03F2F917042001AAA47 /* LibraryView.swift */,
				28E6B03B2F917042001AAA47 /* MixerView.swift */,
				28E6B05A2F917042001AAA47 /* OnboardingView.swift */,
				28E6B0542F917042001AAA47 /* PaywallView.swift */,
				28E6B0182F917042001AAA47 /* RecordButton.swift */,
				28E6B0192F917042001AAA47 /* RecorderView.swift */,
				28E6B0572F917042001AAA47 /* SettingsView.swift */,
				28E6B0352F917042001AAA47 /* WaveformView.swift */,
			);
			path = Views;
			sourceTree = "<group>";
		};
		28E6B01E2F917042001AAA47 /* overdubber */ = {
			isa = PBXGroup;
			children = (
				28E6B0122F917042001AAA47 /* AudioEngine */,
				28E6B0152F917042001AAA47 /* Models */,
				28E6B04A2F917042001AAA47 /* Utilities */,
				28E6B0172F917042001AAA47 /* ViewModels */,
				28E6B01A2F917042001AAA47 /* Views */,
				28E6B01B2F917042001AAA47 /* Assets.xcassets */,
				28E6B01C2F917042001AAA47 /* Info.plist */,
				28E6B01D2F917042001AAA47 /* OverdubberApp.swift */,
			);
			path = overdubber;
			sourceTree = "<group>";
		};
		B5A55EDD229912DD003C195F = {
			isa = PBXGroup;
			children = (
				28E6B01E2F917042001AAA47 /* overdubber */,
				B5A55EFD229912DF003C195F /* overdubberTests */,
				B5A55F08229912DF003C195F /* overdubberUITests */,
				B5A55EE7229912DD003C195F /* Products */,
			);
			sourceTree = "<group>";
		};
		B5A55EE7229912DD003C195F /* Products */ = {
			isa = PBXGroup;
			children = (
				B5A55EE6229912DD003C195F /* overdubber.app */,
				B5A55EFA229912DF003C195F /* overdubberTests.xctest */,
				B5A55F05229912DF003C195F /* overdubberUITests.xctest */,
			);
			name = Products;
			sourceTree = "<group>";
		};
		B5A55EFD229912DF003C195F /* overdubberTests */ = {
			isa = PBXGroup;
			children = (
				B5A55EFE229912DF003C195F /* overdubberTests.swift */,
				B5A55F00229912DF003C195F /* Info.plist */,
			);
			path = overdubberTests;
			sourceTree = "<group>";
		};
		B5A55F08229912DF003C195F /* overdubberUITests */ = {
			isa = PBXGroup;
			children = (
				B5A55F09229912DF003C195F /* overdubberUITests.swift */,
				B5A55F0B229912DF003C195F /* Info.plist */,
			);
			path = overdubberUITests;
			sourceTree = "<group>";
		};
		28E6B04A2F917042001AAA47 /* Utilities */ = {
			isa = PBXGroup;
			children = (
				28E6B05D2F917042001AAA47 /* AdManager.swift */,
				28E6B0512F917042001AAA47 /* PurchaseManager.swift */,
				28E6B0482F917042001AAA47 /* ThemeManager.swift */,
			);
			path = Utilities;
			sourceTree = "<group>";
		};
/* End PBXGroup section */

/* Begin PBXNativeTarget section */
		B5A55EE5229912DD003C195F /* overdubber */ = {
			isa = PBXNativeTarget;
			buildConfigurationList = B5A55F0E229912DF003C195F /* Build configuration list for PBXNativeTarget "overdubber" */;
			buildPhases = (
				B5A55EE2229912DD003C195F /* Sources */,
				B5A55EE3229912DD003C195F /* Frameworks */,
				B5A55EE4229912DD003C195F /* Resources */,
			);
			buildRules = (
			);
			dependencies = (
			);
			name = overdubber;
			packageProductDependencies = (
				28E6B0632F917042001AAA47 /* GoogleMobileAds */,
			);
			productName = overdubber;
			productReference = B5A55EE6229912DD003C195F /* overdubber.app */;
			productType = "com.apple.product-type.application";
		};
		B5A55EF9229912DF003C195F /* overdubberTests */ = {
			isa = PBXNativeTarget;
			buildConfigurationList = B5A55F11229912DF003C195F /* Build configuration list for PBXNativeTarget "overdubberTests" */;
			buildPhases = (
				B5A55EF6229912DF003C195F /* Sources */,
				B5A55EF7229912DF003C195F /* Frameworks */,
				B5A55EF8229912DF003C195F /* Resources */,
			);
			buildRules = (
			);
			dependencies = (
				B5A55EFC229912DF003C195F /* PBXTargetDependency */,
			);
			name = overdubberTests;
			productName = overdubberTests;
			productReference = B5A55EFA229912DF003C195F /* overdubberTests.xctest */;
			productType = "com.apple.product-type.bundle.unit-test";
		};
		B5A55F04229912DF003C195F /* overdubberUITests */ = {
			isa = PBXNativeTarget;
			buildConfigurationList = B5A55F14229912DF003C195F /* Build configuration list for PBXNativeTarget "overdubberUITests" */;
			buildPhases = (
				B5A55F01229912DF003C195F /* Sources */,
				B5A55F02229912DF003C195F /* Frameworks */,
				B5A55F03229912DF003C195F /* Resources */,
			);
			buildRules = (
			);
			dependencies = (
				B5A55F07229912DF003C195F /* PBXTargetDependency */,
			);
			name = overdubberUITests;
			productName = overdubberUITests;
			productReference = B5A55F05229912DF003C195F /* overdubberUITests.xctest */;
			productType = "com.apple.product-type.bundle.ui-testing";
		};
/* End PBXNativeTarget section */

/* Begin PBXProject section */
		B5A55EDE229912DD003C195F /* Project object */ = {
			isa = PBXProject;
			attributes = {
				LastSwiftUpdateCheck = 1010;
				LastUpgradeCheck = 1010;
				ORGANIZATIONNAME = "THORBJOERN THRONDSEN BONVIK";
				TargetAttributes = {
					B5A55EE5229912DD003C195F = {
						CreatedOnToolsVersion = 10.1;
						LastSwiftMigration = 1010;
					};
					B5A55EF9229912DF003C195F = {
						CreatedOnToolsVersion = 10.1;
						TestTargetID = B5A55EE5229912DD003C195F;
					};
					B5A55F04229912DF003C195F = {
						CreatedOnToolsVersion = 10.1;
						TestTargetID = B5A55EE5229912DD003C195F;
					};
				};
			};
			buildConfigurationList = B5A55EE1229912DD003C195F /* Build configuration list for PBXProject "overdubber" */;
			compatibilityVersion = "Xcode 9.3";
			developmentRegion = en;
			hasScannedForEncodings = 0;
			knownRegions = (
				en,
				Base,
			);
			mainGroup = B5A55EDD229912DD003C195F;
			packageReferences = (
				28E6B0642F917042001AAA47 /* XCRemoteSwiftPackageReference "swift-package-manager-google-mobile-ads" */,
			);
			productRefGroup = B5A55EE7229912DD003C195F /* Products */;
			projectDirPath = "";
			projectRoot = "";
			targets = (
				B5A55EE5229912DD003C195F /* overdubber */,
				B5A55EF9229912DF003C195F /* overdubberTests */,
				B5A55F04229912DF003C195F /* overdubberUITests */,
			);
		};
/* End PBXProject section */

/* Begin PBXResourcesBuildPhase section */
		B5A55EE4229912DD003C195F /* Resources */ = {
			isa = PBXResourcesBuildPhase;
			buildActionMask = 2147483647;
			files = (
				28E6B0312F917042001AAA47 /* Assets.xcassets in Resources */,
			);
			runOnlyForDeploymentPostprocessing = 0;
		};
		B5A55EF8229912DF003C195F /* Resources */ = {
			isa = PBXResourcesBuildPhase;
			buildActionMask = 2147483647;
			files = (
			);
			runOnlyForDeploymentPostprocessing = 0;
		};
		B5A55F03229912DF003C195F /* Resources */ = {
			isa = PBXResourcesBuildPhase;
			buildActionMask = 2147483647;
			files = (
			);
			runOnlyForDeploymentPostprocessing = 0;
		};
/* End PBXResourcesBuildPhase section */

/* Begin PBXSourcesBuildPhase section */
		B5A55EE2229912DD003C195F /* Sources */ = {
			isa = PBXSourcesBuildPhase;
			buildActionMask = 2147483647;
			files = (
				28E6B0292F917042001AAA47 /* RecorderView.swift in Sources */,
				28E6B02A2F917042001AAA47 /* AudioEngine.swift in Sources */,
				28E6B02B2F917042001AAA47 /* FileManagerAudio.swift in Sources */,
				28E6B02C2F917042001AAA47 /* Layer.swift in Sources */,
				28E6B02D2F917042001AAA47 /* RecordButton.swift in Sources */,
				28E6B02E2F917042001AAA47 /* RecorderViewModel.swift in Sources */,
				28E6B02F2F917042001AAA47 /* OverdubberApp.swift in Sources */,
				28E6B0302F917042001AAA47 /* Project.swift in Sources */,
				28E6B0332F917042001AAA47 /* WaveformGenerator.swift in Sources */,
				28E6B0362F917042001AAA47 /* WaveformView.swift in Sources */,
				28E6B0382F917042001AAA47 /* LayerRowView.swift in Sources */,
				28E6B03C2F917042001AAA47 /* MixerView.swift in Sources */,
				28E6B03E2F917042001AAA47 /* LibraryView.swift in Sources */,
				28E6B0412F917042001AAA47 /* AudioExporter.swift in Sources */,
				28E6B0442F917042001AAA47 /* ExportView.swift in Sources */,
				28E6B0472F917042001AAA47 /* ThemeManager.swift in Sources */,
				28E6B0502F917042001AAA47 /* PurchaseManager.swift in Sources */,
				28E6B0532F917042001AAA47 /* PaywallView.swift in Sources */,
				28E6B0562F917042001AAA47 /* SettingsView.swift in Sources */,
				28E6B0592F917042001AAA47 /* OnboardingView.swift in Sources */,
				28E6B05C2F917042001AAA47 /* AdManager.swift in Sources */,
				28E6B05F2F917042001AAA47 /* BannerAdView.swift in Sources */,
				28E6B0652F917042001AAA47 /* TapeSaturation.swift in Sources */,
			);
			runOnlyForDeploymentPostprocessing = 0;
		};
		B5A55EF6229912DF003C195F /* Sources */ = {
			isa = PBXSourcesBuildPhase;
			buildActionMask = 2147483647;
			files = (
				B5A55EFF229912DF003C195F /* overdubberTests.swift in Sources */,
				28E6B01F2F917042001AAA47 /* RecorderView.swift in Sources */,
				28E6B0202F917042001AAA47 /* AudioEngine.swift in Sources */,
				28E6B0212F917042001AAA47 /* FileManagerAudio.swift in Sources */,
				28E6B0222F917042001AAA47 /* Layer.swift in Sources */,
				28E6B0232F917042001AAA47 /* RecordButton.swift in Sources */,
				28E6B0242F917042001AAA47 /* RecorderViewModel.swift in Sources */,
				28E6B0252F917042001AAA47 /* OverdubberApp.swift in Sources */,
				28E6B0262F917042001AAA47 /* Project.swift in Sources */,
				28E6B0342F917042001AAA47 /* WaveformGenerator.swift in Sources */,
				28E6B0372F917042001AAA47 /* WaveformView.swift in Sources */,
				28E6B0392F917042001AAA47 /* LayerRowView.swift in Sources */,
				28E6B03D2F917042001AAA47 /* MixerView.swift in Sources */,
				28E6B0402F917042001AAA47 /* LibraryView.swift in Sources */,
				28E6B0432F917042001AAA47 /* AudioExporter.swift in Sources */,
				28E6B0462F917042001AAA47 /* ExportView.swift in Sources */,
				28E6B0492F917042001AAA47 /* ThemeManager.swift in Sources */,
				28E6B0522F917042001AAA47 /* PurchaseManager.swift in Sources */,
				28E6B0552F917042001AAA47 /* PaywallView.swift in Sources */,
				28E6B0582F917042001AAA47 /* SettingsView.swift in Sources */,
				28E6B05B2F917042001AAA47 /* OnboardingView.swift in Sources */,
				28E6B05E2F917042001AAA47 /* AdManager.swift in Sources */,
				28E6B0612F917042001AAA47 /* BannerAdView.swift in Sources */,
				28E6B0662F917042001AAA47 /* TapeSaturation.swift in Sources */,
			);
			runOnlyForDeploymentPostprocessing = 0;
		};
		B5A55F01229912DF003C195F /* Sources */ = {
			isa = PBXSourcesBuildPhase;
			buildActionMask = 2147483647;
			files = (
				B5A55F0A229912DF003C195F /* overdubberUITests.swift in Sources */,
			);
			runOnlyForDeploymentPostprocessing = 0;
		};
/* End PBXSourcesBuildPhase section */

/* Begin PBXTargetDependency section */
		B5A55EFC229912DF003C195F /* PBXTargetDependency */ = {
			isa = PBXTargetDependency;
			target = B5A55EE5229912DD003C195F /* overdubber */;
			targetProxy = B5A55EFB229912DF003C195F /* PBXContainerItemProxy */;
		};
		B5A55F07229912DF003C195F /* PBXTargetDependency */ = {
			isa = PBXTargetDependency;
			target = B5A55EE5229912DD003C195F /* overdubber */;
			targetProxy = B5A55F06229912DF003C195F /* PBXContainerItemProxy */;
		};
/* End PBXTargetDependency section */


/* Begin XCBuildConfiguration section */
		B5A55F0C229912DF003C195F /* Debug */ = {
			isa = XCBuildConfiguration;
			buildSettings = {
				ALWAYS_SEARCH_USER_PATHS = NO;
				CLANG_ANALYZER_NONNULL = YES;
				CLANG_ANALYZER_NUMBER_OBJECT_CONVERSION = YES_AGGRESSIVE;
				CLANG_CXX_LANGUAGE_STANDARD = "gnu++14";
				CLANG_CXX_LIBRARY = "libc++";
				CLANG_ENABLE_MODULES = YES;
				CLANG_ENABLE_OBJC_ARC = YES;
				CLANG_ENABLE_OBJC_WEAK = YES;
				CLANG_WARN_BLOCK_CAPTURE_AUTORELEASING = YES;
				CLANG_WARN_BOOL_CONVERSION = YES;
				CLANG_WARN_COMMA = YES;
				CLANG_WARN_CONSTANT_CONVERSION = YES;
				CLANG_WARN_DEPRECATED_OBJC_IMPLEMENTATIONS = YES;
				CLANG_WARN_DIRECT_OBJC_ISA_USAGE = YES_ERROR;
				CLANG_WARN_DOCUMENTATION_COMMENTS = YES;
				CLANG_WARN_EMPTY_BODY = YES;
				CLANG_WARN_ENUM_CONVERSION = YES;
				CLANG_WARN_INFINITE_RECURSION = YES;
				CLANG_WARN_INT_CONVERSION = YES;
				CLANG_WARN_NON_LITERAL_NULL_CONVERSION = YES;
				CLANG_WARN_OBJC_IMPLICIT_RETAIN_SELF = YES;
				CLANG_WARN_OBJC_LITERAL_CONVERSION = YES;
				CLANG_WARN_OBJC_ROOT_CLASS = YES_ERROR;
				CLANG_WARN_RANGE_LOOP_ANALYSIS = YES;
				CLANG_WARN_STRICT_PROTOTYPES = YES;
				CLANG_WARN_SUSPICIOUS_MOVE = YES;
				CLANG_WARN_UNGUARDED_AVAILABILITY = YES_AGGRESSIVE;
				CLANG_WARN_UNREACHABLE_CODE = YES;
				CLANG_WARN__DUPLICATE_METHOD_MATCH = YES;
				CODE_SIGN_IDENTITY = "iPhone Developer";
				COPY_PHASE_STRIP = NO;
				DEBUG_INFORMATION_FORMAT = dwarf;
				ENABLE_STRICT_OBJC_MSGSEND = YES;
				ENABLE_TESTABILITY = YES;
				GCC_C_LANGUAGE_STANDARD = gnu11;
				GCC_DYNAMIC_NO_PIC = NO;
				GCC_NO_COMMON_BLOCKS = YES;
				GCC_OPTIMIZATION_LEVEL = 0;
				GCC_PREPROCESSOR_DEFINITIONS = (
					"DEBUG=1",
					"$(inherited)",
				);
				GCC_WARN_64_TO_32_BIT_CONVERSION = YES;
				GCC_WARN_ABOUT_RETURN_TYPE = YES_ERROR;
				GCC_WARN_UNDECLARED_SELECTOR = YES;
				GCC_WARN_UNINITIALIZED_AUTOS = YES_AGGRESSIVE;
				GCC_WARN_UNUSED_FUNCTION = YES;
				GCC_WARN_UNUSED_VARIABLE = YES;
				IPHONEOS_DEPLOYMENT_TARGET = 17.0;
				MTL_ENABLE_DEBUG_INFO = INCLUDE_SOURCE;
				MTL_FAST_MATH = YES;
				ONLY_ACTIVE_ARCH = YES;
				SDKROOT = iphoneos;
				SWIFT_ACTIVE_COMPILATION_CONDITIONS = DEBUG;
				SWIFT_OPTIMIZATION_LEVEL = "-Onone";
			};
			name = Debug;
		};
		B5A55F0D229912DF003C195F /* Release */ = {
			isa = XCBuildConfiguration;
			buildSettings = {
				ALWAYS_SEARCH_USER_PATHS = NO;
				CLANG_ANALYZER_NONNULL = YES;
				CLANG_ANALYZER_NUMBER_OBJECT_CONVERSION = YES_AGGRESSIVE;
				CLANG_CXX_LANGUAGE_STANDARD = "gnu++14";
				CLANG_CXX_LIBRARY = "libc++";
				CLANG_ENABLE_MODULES = YES;
				CLANG_ENABLE_OBJC_ARC = YES;
				CLANG_ENABLE_OBJC_WEAK = YES;
				CLANG_WARN_BLOCK_CAPTURE_AUTORELEASING = YES;
				CLANG_WARN_BOOL_CONVERSION = YES;
				CLANG_WARN_COMMA = YES;
				CLANG_WARN_CONSTANT_CONVERSION = YES;
				CLANG_WARN_DEPRECATED_OBJC_IMPLEMENTATIONS = YES;
				CLANG_WARN_DIRECT_OBJC_ISA_USAGE = YES_ERROR;
				CLANG_WARN_DOCUMENTATION_COMMENTS = YES;
				CLANG_WARN_EMPTY_BODY = YES;
				CLANG_WARN_ENUM_CONVERSION = YES;
				CLANG_WARN_INFINITE_RECURSION = YES;
				CLANG_WARN_INT_CONVERSION = YES;
				CLANG_WARN_NON_LITERAL_NULL_CONVERSION = YES;
				CLANG_WARN_OBJC_IMPLICIT_RETAIN_SELF = YES;
				CLANG_WARN_OBJC_LITERAL_CONVERSION = YES;
				CLANG_WARN_OBJC_ROOT_CLASS = YES_ERROR;
				CLANG_WARN_RANGE_LOOP_ANALYSIS = YES;
				CLANG_WARN_STRICT_PROTOTYPES = YES;
				CLANG_WARN_SUSPICIOUS_MOVE = YES;
				CLANG_WARN_UNGUARDED_AVAILABILITY = YES_AGGRESSIVE;
				CLANG_WARN_UNREACHABLE_CODE = YES;
				CLANG_WARN__DUPLICATE_METHOD_MATCH = YES;
				CODE_SIGN_IDENTITY = "iPhone Developer";
				COPY_PHASE_STRIP = NO;
				DEBUG_INFORMATION_FORMAT = "dwarf-with-dsym";
				ENABLE_NS_ASSERTIONS = NO;
				ENABLE_STRICT_OBJC_MSGSEND = YES;
				GCC_C_LANGUAGE_STANDARD = gnu11;
				GCC_NO_COMMON_BLOCKS = YES;
				GCC_WARN_64_TO_32_BIT_CONVERSION = YES;
				GCC_WARN_ABOUT_RETURN_TYPE = YES_ERROR;
				GCC_WARN_UNDECLARED_SELECTOR = YES;
				GCC_WARN_UNINITIALIZED_AUTOS = YES_AGGRESSIVE;
				GCC_WARN_UNUSED_FUNCTION = YES;
				GCC_WARN_UNUSED_VARIABLE = YES;
				IPHONEOS_DEPLOYMENT_TARGET = 17.0;
				MTL_ENABLE_DEBUG_INFO = NO;
				MTL_FAST_MATH = YES;
				SDKROOT = iphoneos;
				SWIFT_COMPILATION_MODE = wholemodule;
				SWIFT_OPTIMIZATION_LEVEL = "-O";
				VALIDATE_PRODUCT = YES;
			};
			name = Release;
		};
		B5A55F0F229912DF003C195F /* Debug */ = {
			isa = XCBuildConfiguration;
			buildSettings = {
				ASSETCATALOG_COMPILER_APPICON_NAME = AppIcon;
				CLANG_ENABLE_MODULES = YES;
				CODE_SIGN_STYLE = Automatic;
				DEVELOPMENT_TEAM = 228DC29L7W;
				INFOPLIST_FILE = overdubber/Info.plist;
				LD_RUNPATH_SEARCH_PATHS = (
					"$(inherited)",
					"@executable_path/Frameworks",
				);
				PRODUCT_BUNDLE_IDENTIFIER = thorbjxrn.overdubber;
				PRODUCT_NAME = "$(TARGET_NAME)";
				SWIFT_VERSION = 5.0;
				TARGETED_DEVICE_FAMILY = "1,2";
			};
			name = Debug;
		};
		B5A55F10229912DF003C195F /* Release */ = {
			isa = XCBuildConfiguration;
			buildSettings = {
				ASSETCATALOG_COMPILER_APPICON_NAME = AppIcon;
				CLANG_ENABLE_MODULES = YES;
				CODE_SIGN_STYLE = Automatic;
				DEVELOPMENT_TEAM = 228DC29L7W;
				INFOPLIST_FILE = overdubber/Info.plist;
				LD_RUNPATH_SEARCH_PATHS = (
					"$(inherited)",
					"@executable_path/Frameworks",
				);
				PRODUCT_BUNDLE_IDENTIFIER = thorbjxrn.overdubber;
				PRODUCT_NAME = "$(TARGET_NAME)";
				SWIFT_VERSION = 5.0;
				TARGETED_DEVICE_FAMILY = "1,2";
			};
			name = Release;
		};
		B5A55F12229912DF003C195F /* Debug */ = {
			isa = XCBuildConfiguration;
			buildSettings = {
				BUNDLE_LOADER = "$(TEST_HOST)";
				CODE_SIGN_STYLE = Automatic;
				INFOPLIST_FILE = overdubberTests/Info.plist;
				LD_RUNPATH_SEARCH_PATHS = (
					"$(inherited)",
					"@executable_path/Frameworks",
					"@loader_path/Frameworks",
				);
				PRODUCT_BUNDLE_IDENTIFIER = thor.overdubberTests;
				PRODUCT_NAME = "$(TARGET_NAME)";
				SWIFT_VERSION = 5.0;
				TARGETED_DEVICE_FAMILY = "1,2";
				TEST_HOST = "$(BUILT_PRODUCTS_DIR)/overdubber.app/overdubber";
			};
			name = Debug;
		};
		B5A55F13229912DF003C195F /* Release */ = {
			isa = XCBuildConfiguration;
			buildSettings = {
				BUNDLE_LOADER = "$(TEST_HOST)";
				CODE_SIGN_STYLE = Automatic;
				INFOPLIST_FILE = overdubberTests/Info.plist;
				LD_RUNPATH_SEARCH_PATHS = (
					"$(inherited)",
					"@executable_path/Frameworks",
					"@loader_path/Frameworks",
				);
				PRODUCT_BUNDLE_IDENTIFIER = thor.overdubberTests;
				PRODUCT_NAME = "$(TARGET_NAME)";
				SWIFT_VERSION = 5.0;
				TARGETED_DEVICE_FAMILY = "1,2";
				TEST_HOST = "$(BUILT_PRODUCTS_DIR)/overdubber.app/overdubber";
			};
			name = Release;
		};
		B5A55F15229912DF003C195F /* Debug */ = {
			isa = XCBuildConfiguration;
			buildSettings = {
				CODE_SIGN_STYLE = Automatic;
				INFOPLIST_FILE = overdubberUITests/Info.plist;
				LD_RUNPATH_SEARCH_PATHS = (
					"$(inherited)",
					"@executable_path/Frameworks",
					"@loader_path/Frameworks",
				);
				PRODUCT_BUNDLE_IDENTIFIER = thor.overdubberUITests;
				PRODUCT_NAME = "$(TARGET_NAME)";
				SWIFT_VERSION = 5.0;
				TARGETED_DEVICE_FAMILY = "1,2";
				TEST_TARGET_NAME = overdubber;
			};
			name = Debug;
		};
		B5A55F16229912DF003C195F /* Release */ = {
			isa = XCBuildConfiguration;
			buildSettings = {
				CODE_SIGN_STYLE = Automatic;
				INFOPLIST_FILE = overdubberUITests/Info.plist;
				LD_RUNPATH_SEARCH_PATHS = (
					"$(inherited)",
					"@executable_path/Frameworks",
					"@loader_path/Frameworks",
				);
				PRODUCT_BUNDLE_IDENTIFIER = thor.overdubberUITests;
				PRODUCT_NAME = "$(TARGET_NAME)";
				SWIFT_VERSION = 5.0;
				TARGETED_DEVICE_FAMILY = "1,2";
				TEST_TARGET_NAME = overdubber;
			};
			name = Release;
		};
/* End XCBuildConfiguration section */

/* Begin XCConfigurationList section */
		B5A55EE1229912DD003C195F /* Build configuration list for PBXProject "overdubber" */ = {
			isa = XCConfigurationList;
			buildConfigurations = (
				B5A55F0C229912DF003C195F /* Debug */,
				B5A55F0D229912DF003C195F /* Release */,
			);
			defaultConfigurationIsVisible = 0;
			defaultConfigurationName = Release;
		};
		B5A55F0E229912DF003C195F /* Build configuration list for PBXNativeTarget "overdubber" */ = {
			isa = XCConfigurationList;
			buildConfigurations = (
				B5A55F0F229912DF003C195F /* Debug */,
				B5A55F10229912DF003C195F /* Release */,
			);
			defaultConfigurationIsVisible = 0;
			defaultConfigurationName = Release;
		};
		B5A55F11229912DF003C195F /* Build configuration list for PBXNativeTarget "overdubberTests" */ = {
			isa = XCConfigurationList;
			buildConfigurations = (
				B5A55F12229912DF003C195F /* Debug */,
				B5A55F13229912DF003C195F /* Release */,
			);
			defaultConfigurationIsVisible = 0;
			defaultConfigurationName = Release;
		};
		B5A55F14229912DF003C195F /* Build configuration list for PBXNativeTarget "overdubberUITests" */ = {
			isa = XCConfigurationList;
			buildConfigurations = (
				B5A55F15229912DF003C195F /* Debug */,
				B5A55F16229912DF003C195F /* Release */,
			);
			defaultConfigurationIsVisible = 0;
			defaultConfigurationName = Release;
		};
/* End XCConfigurationList section */

/* Begin XCRemoteSwiftPackageReference section */
		28E6B0642F917042001AAA47 /* XCRemoteSwiftPackageReference "swift-package-manager-google-mobile-ads" */ = {
			isa = XCRemoteSwiftPackageReference;
			repositoryURL = "https://github.com/googleads/swift-package-manager-google-mobile-ads";
			requirement = {
				kind = upToNextMajorVersion;
				minimumVersion = 13.2.0;
			};
		};
/* End XCRemoteSwiftPackageReference section */

/* Begin XCSwiftPackageProductDependency section */
		28E6B0632F917042001AAA47 /* GoogleMobileAds */ = {
			isa = XCSwiftPackageProductDependency;
			package = 28E6B0642F917042001AAA47 /* XCRemoteSwiftPackageReference "swift-package-manager-google-mobile-ads" */;
			productName = GoogleMobileAds;
		};
/* End XCSwiftPackageProductDependency section */
	};
	rootObject = B5A55EDE229912DD003C195F /* Project object */;
}
